// !$*UTF8*$!
{
	archiveVersion = 1;
	classes = {
	};
	objectVersion = 50;
	objects = {

/* Begin PBXBuildFile section */
		4801EF6922AE416D005EB862 /* PopupNode.swift in Sources */ = {isa = PBXBuildFile; fileRef = 4801EF6822AE416D005EB862 /* PopupNode.swift */; };
		4801EF6B22AE41EF005EB862 /* ScorePopupNode.swift in Sources */ = {isa = PBXBuildFile; fileRef = 4801EF6A22AE41EF005EB862 /* ScorePopupNode.swift */; };
		4801EF6D22AE4210005EB862 /* BannerLabel.swift in Sources */ = {isa = PBXBuildFile; fileRef = 4801EF6C22AE4210005EB862 /* BannerLabel.swift */; };
		4801EF6F22AE4240005EB862 /* PopupButtonHandlerDelegate.swift in Sources */ = {isa = PBXBuildFile; fileRef = 4801EF6E22AE4240005EB862 /* PopupButtonHandlerDelegate.swift */; };
		4801EF7122AE42B3005EB862 /* SpriteKitButton.swift in Sources */ = {isa = PBXBuildFile; fileRef = 4801EF7022AE42B3005EB862 /* SpriteKitButton.swift */; };
		4801EF7322AE4A68005EB862 /* ScoreManager.swift in Sources */ = {isa = PBXBuildFile; fileRef = 4801EF7222AE4A68005EB862 /* ScoreManager.swift */; };
		480D355E22AF7EB4006B3C6D /* MenuScene.swift in Sources */ = {isa = PBXBuildFile; fileRef = 480D355D22AF7EB4006B3C6D /* MenuScene.swift */; };
		480D356022AF8379006B3C6D /* SceneManagerDelegate.swift in Sources */ = {isa = PBXBuildFile; fileRef = 480D355F22AF8379006B3C6D /* SceneManagerDelegate.swift */; };
		480D356222AF85E3006B3C6D /* LevelScene.swift in Sources */ = {isa = PBXBuildFile; fileRef = 480D356122AF85E3006B3C6D /* LevelScene.swift */; };
		4816120B22ACF48400E675B7 /* HUDDelegate.swift in Sources */ = {isa = PBXBuildFile; fileRef = 4816120A22ACF48400E675B7 /* HUDDelegate.swift */; };
		4816120D22ACF4D400E675B7 /* GameHUD.swift in Sources */ = {isa = PBXBuildFile; fileRef = 4816120C22ACF4D400E675B7 /* GameHUD.swift */; };
		4816121122ACF55900E675B7 /* unanimous.inverted-brk.ttf in Resources */ = {isa = PBXBuildFile; fileRef = 4816121022ACF54D00E675B7 /* unanimous.inverted-brk.ttf */; };
		481E589022B10B9600DA2A5A /* PowerupEmitter.sks in Resources */ = {isa = PBXBuildFile; fileRef = 481E588F22B10B9600DA2A5A /* PowerupEmitter.sks */; };
		4845E2D1228B655900D09A62 /* AppDelegate.swift in Sources */ = {isa = PBXBuildFile; fileRef = 4845E2D0228B655900D09A62 /* AppDelegate.swift */; };
		4845E2D7228B655900D09A62 /* GameScene.swift in Sources */ = {isa = PBXBuildFile; fileRef = 4845E2D6228B655900D09A62 /* GameScene.swift */; };
		4845E2D9228B655900D09A62 /* GameViewController.swift in Sources */ = {isa = PBXBuildFile; fileRef = 4845E2D8228B655900D09A62 /* GameViewController.swift */; };
		4845E2DC228B655900D09A62 /* Main.storyboard in Resources */ = {isa = PBXBuildFile; fileRef = 4845E2DA228B655900D09A62 /* Main.storyboard */; };
		4845E2DE228B655A00D09A62 /* Assets.xcassets in Resources */ = {isa = PBXBuildFile; fileRef = 4845E2DD228B655A00D09A62 /* Assets.xcassets */; };
		4845E2E1228B655A00D09A62 /* LaunchScreen.storyboard in Resources */ = {isa = PBXBuildFile; fileRef = 4845E2DF228B655A00D09A62 /* LaunchScreen.storyboard */; };
		4845E2EC228B655A00D09A62 /* Super_Indie_RunnerTests.swift in Sources */ = {isa = PBXBuildFile; fileRef = 4845E2EB228B655A00D09A62 /* Super_Indie_RunnerTests.swift */; };
		4845E2F7228B655A00D09A62 /* Super_Indie_RunnerUITests.swift in Sources */ = {isa = PBXBuildFile; fileRef = 4845E2F6228B655A00D09A62 /* Super_Indie_RunnerUITests.swift */; };
		4845E30C228B726E00D09A62 /* Level_0-1.sks in Resources */ = {isa = PBXBuildFile; fileRef = 4845E30B228B726E00D09A62 /* Level_0-1.sks */; };
		4845E30F228B736100D09A62 /* TileSets.sks in Resources */ = {isa = PBXBuildFile; fileRef = 4845E30E228B736100D09A62 /* TileSets.sks */; };
		4845E312228B763D00D09A62 /* SKNode+Extensions.swift in Sources */ = {isa = PBXBuildFile; fileRef = 4845E311228B763D00D09A62 /* SKNode+Extensions.swift */; };
		48B7107F229A880000E4E86F /* ParticleHelper.swift in Sources */ = {isa = PBXBuildFile; fileRef = 48B7107E229A880000E4E86F /* ParticleHelper.swift */; };
		48DB1DD5229537750082CA21 /* Layer.swift in Sources */ = {isa = PBXBuildFile; fileRef = 48DB1DD4229537750082CA21 /* Layer.swift */; };
		48DB1DD822953F700082CA21 /* RepeatingLayer.swift in Sources */ = {isa = PBXBuildFile; fileRef = 48DB1DD722953F700082CA21 /* RepeatingLayer.swift */; };
		48DB1DDA229543940082CA21 /* GameConstants.swift in Sources */ = {isa = PBXBuildFile; fileRef = 48DB1DD9229543940082CA21 /* GameConstants.swift */; };
		48DB1DDD229605D90082CA21 /* Player.swift in Sources */ = {isa = PBXBuildFile; fileRef = 48DB1DDC229605D90082CA21 /* Player.swift */; };
		48DB1DE0229609AA0082CA21 /* PhysicsHelper.swift in Sources */ = {isa = PBXBuildFile; fileRef = 48DB1DDF229609AA0082CA21 /* PhysicsHelper.swift */; };
		48DB1DE222960EEC0082CA21 /* GroundNode.swift in Sources */ = {isa = PBXBuildFile; fileRef = 48DB1DE122960EEC0082CA21 /* GroundNode.swift */; };
		48DB1DE422961ABB0082CA21 /* AnimationHelper.swift in Sources */ = {isa = PBXBuildFile; fileRef = 48DB1DE322961ABB0082CA21 /* AnimationHelper.swift */; };
		48DB1DE622962D490082CA21 /* ObjectHelper.swift in Sources */ = {isa = PBXBuildFile; fileRef = 48DB1DE522962D490082CA21 /* ObjectHelper.swift */; };
		48EC0FFD22A187DF002289AD /* CoinDustEmitter.sks in Resources */ = {isa = PBXBuildFile; fileRef = 48EC0FFB22A187DF002289AD /* CoinDustEmitter.sks */; };
		48EC0FFE22A187DF002289AD /* Assets.xcassets in Resources */ = {isa = PBXBuildFile; fileRef = 48EC0FFC22A187DF002289AD /* Assets.xcassets */; };
		48EC100022A1BABB002289AD /* BreakSparkEmitter.sks in Resources */ = {isa = PBXBuildFile; fileRef = 48EC0FFF22A1BABB002289AD /* BreakSparkEmitter.sks */; };
/* End PBXBuildFile section */

/* Begin PBXContainerItemProxy section */
		4845E2E8228B655A00D09A62 /* PBXContainerItemProxy */ = {
			isa = PBXContainerItemProxy;
			containerPortal = 4845E2C5228B655900D09A62 /* Project object */;
			proxyType = 1;
			remoteGlobalIDString = 4845E2CC228B655900D09A62;
			remoteInfo = "Super Indie Runner";
		};
		4845E2F3228B655A00D09A62 /* PBXContainerItemProxy */ = {
			isa = PBXContainerItemProxy;
			containerPortal = 4845E2C5228B655900D09A62 /* Project object */;
			proxyType = 1;
			remoteGlobalIDString = 4845E2CC228B655900D09A62;
			remoteInfo = "Super Indie Runner";
		};
/* End PBXContainerItemProxy section */

/* Begin PBXFileReference section */
		4801EF6822AE416D005EB862 /* PopupNode.swift */ = {isa = PBXFileReference; lastKnownFileType = sourcecode.swift; path = PopupNode.swift; sourceTree = "<group>"; };
		4801EF6A22AE41EF005EB862 /* ScorePopupNode.swift */ = {isa = PBXFileReference; lastKnownFileType = sourcecode.swift; path = ScorePopupNode.swift; sourceTree = "<group>"; };
		4801EF6C22AE4210005EB862 /* BannerLabel.swift */ = {isa = PBXFileReference; lastKnownFileType = sourcecode.swift; path = BannerLabel.swift; sourceTree = "<group>"; };
		4801EF6E22AE4240005EB862 /* PopupButtonHandlerDelegate.swift */ = {isa = PBXFileReference; lastKnownFileType = sourcecode.swift; path = PopupButtonHandlerDelegate.swift; sourceTree = "<group>"; };
		4801EF7022AE42B3005EB862 /* SpriteKitButton.swift */ = {isa = PBXFileReference; lastKnownFileType = sourcecode.swift; path = SpriteKitButton.swift; sourceTree = "<group>"; };
		4801EF7222AE4A68005EB862 /* ScoreManager.swift */ = {isa = PBXFileReference; lastKnownFileType = sourcecode.swift; path = ScoreManager.swift; sourceTree = "<group>"; };
		480D355D22AF7EB4006B3C6D /* MenuScene.swift */ = {isa = PBXFileReference; lastKnownFileType = sourcecode.swift; path = MenuScene.swift; sourceTree = "<group>"; };
		480D355F22AF8379006B3C6D /* SceneManagerDelegate.swift */ = {isa = PBXFileReference; lastKnownFileType = sourcecode.swift; path = SceneManagerDelegate.swift; sourceTree = "<group>"; };
		480D356122AF85E3006B3C6D /* LevelScene.swift */ = {isa = PBXFileReference; lastKnownFileType = sourcecode.swift; path = LevelScene.swift; sourceTree = "<group>"; };
		4816120A22ACF48400E675B7 /* HUDDelegate.swift */ = {isa = PBXFileReference; lastKnownFileType = sourcecode.swift; path = HUDDelegate.swift; sourceTree = "<group>"; };
		4816120C22ACF4D400E675B7 /* GameHUD.swift */ = {isa = PBXFileReference; lastKnownFileType = sourcecode.swift; path = GameHUD.swift; sourceTree = "<group>"; };
		4816121022ACF54D00E675B7 /* unanimous.inverted-brk.ttf */ = {isa = PBXFileReference; lastKnownFileType = file; path = "unanimous.inverted-brk.ttf"; sourceTree = "<group>"; };
		481E588F22B10B9600DA2A5A /* PowerupEmitter.sks */ = {isa = PBXFileReference; lastKnownFileType = file.sks; path = PowerupEmitter.sks; sourceTree = "<group>"; };
		4845E2CD228B655900D09A62 /* Super Indie Runner.app */ = {isa = PBXFileReference; explicitFileType = wrapper.application; includeInIndex = 0; path = "Super Indie Runner.app"; sourceTree = BUILT_PRODUCTS_DIR; };
		4845E2D0228B655900D09A62 /* AppDelegate.swift */ = {isa = PBXFileReference; lastKnownFileType = sourcecode.swift; path = AppDelegate.swift; sourceTree = "<group>"; };
		4845E2D6228B655900D09A62 /* GameScene.swift */ = {isa = PBXFileReference; lastKnownFileType = sourcecode.swift; path = GameScene.swift; sourceTree = "<group>"; };
		4845E2D8228B655900D09A62 /* GameViewController.swift */ = {isa = PBXFileReference; lastKnownFileType = sourcecode.swift; path = GameViewController.swift; sourceTree = "<group>"; };
		4845E2DB228B655900D09A62 /* Base */ = {isa = PBXFileReference; lastKnownFileType = file.storyboard; name = Base; path = Base.lproj/Main.storyboard; sourceTree = "<group>"; };
		4845E2DD228B655A00D09A62 /* Assets.xcassets */ = {isa = PBXFileReference; lastKnownFileType = folder.assetcatalog; path = Assets.xcassets; sourceTree = "<group>"; };
		4845E2E0228B655A00D09A62 /* Base */ = {isa = PBXFileReference; lastKnownFileType = file.storyboard; name = Base; path = Base.lproj/LaunchScreen.storyboard; sourceTree = "<group>"; };
		4845E2E2228B655A00D09A62 /* Info.plist */ = {isa = PBXFileReference; lastKnownFileType = text.plist.xml; path = Info.plist; sourceTree = "<group>"; };
		4845E2E7228B655A00D09A62 /* Super Indie RunnerTests.xctest */ = {isa = PBXFileReference; explicitFileType = wrapper.cfbundle; includeInIndex = 0; path = "Super Indie RunnerTests.xctest"; sourceTree = BUILT_PRODUCTS_DIR; };
		4845E2EB228B655A00D09A62 /* Super_Indie_RunnerTests.swift */ = {isa = PBXFileReference; lastKnownFileType = sourcecode.swift; path = Super_Indie_RunnerTests.swift; sourceTree = "<group>"; };
		4845E2ED228B655A00D09A62 /* Info.plist */ = {isa = PBXFileReference; lastKnownFileType = text.plist.xml; path = Info.plist; sourceTree = "<group>"; };
		4845E2F2228B655A00D09A62 /* Super Indie RunnerUITests.xctest */ = {isa = PBXFileReference; explicitFileType = wrapper.cfbundle; includeInIndex = 0; path = "Super Indie RunnerUITests.xctest"; sourceTree = BUILT_PRODUCTS_DIR; };
		4845E2F6228B655A00D09A62 /* Super_Indie_RunnerUITests.swift */ = {isa = PBXFileReference; lastKnownFileType = sourcecode.swift; path = Super_Indie_RunnerUITests.swift; sourceTree = "<group>"; };
		4845E2F8228B655A00D09A62 /* Info.plist */ = {isa = PBXFileReference; lastKnownFileType = text.plist.xml; path = Info.plist; sourceTree = "<group>"; };
		4845E30B228B726E00D09A62 /* Level_0-1.sks */ = {isa = PBXFileReference; lastKnownFileType = file.sks; path = "Level_0-1.sks"; sourceTree = "<group>"; };
		4845E30E228B736100D09A62 /* TileSets.sks */ = {isa = PBXFileReference; lastKnownFileType = file.sks; path = TileSets.sks; sourceTree = "<group>"; };
		4845E311228B763D00D09A62 /* SKNode+Extensions.swift */ = {isa = PBXFileReference; lastKnownFileType = sourcecode.swift; path = "SKNode+Extensions.swift"; sourceTree = "<group>"; };
		48B7107E229A880000E4E86F /* ParticleHelper.swift */ = {isa = PBXFileReference; lastKnownFileType = sourcecode.swift; path = ParticleHelper.swift; sourceTree = "<group>"; };
		48DB1DD4229537750082CA21 /* Layer.swift */ = {isa = PBXFileReference; lastKnownFileType = sourcecode.swift; path = Layer.swift; sourceTree = "<group>"; };
		48DB1DD722953F700082CA21 /* RepeatingLayer.swift */ = {isa = PBXFileReference; lastKnownFileType = sourcecode.swift; path = RepeatingLayer.swift; sourceTree = "<group>"; };
		48DB1DD9229543940082CA21 /* GameConstants.swift */ = {isa = PBXFileReference; lastKnownFileType = sourcecode.swift; path = GameConstants.swift; sourceTree = "<group>"; };
		48DB1DDC229605D90082CA21 /* Player.swift */ = {isa = PBXFileReference; lastKnownFileType = sourcecode.swift; path = Player.swift; sourceTree = "<group>"; };
		48DB1DDF229609AA0082CA21 /* PhysicsHelper.swift */ = {isa = PBXFileReference; lastKnownFileType = sourcecode.swift; path = PhysicsHelper.swift; sourceTree = "<group>"; };
		48DB1DE122960EEC0082CA21 /* GroundNode.swift */ = {isa = PBXFileReference; lastKnownFileType = sourcecode.swift; path = GroundNode.swift; sourceTree = "<group>"; };
		48DB1DE322961ABB0082CA21 /* AnimationHelper.swift */ = {isa = PBXFileReference; lastKnownFileType = sourcecode.swift; path = AnimationHelper.swift; sourceTree = "<group>"; };
		48DB1DE522962D490082CA21 /* ObjectHelper.swift */ = {isa = PBXFileReference; lastKnownFileType = sourcecode.swift; path = ObjectHelper.swift; sourceTree = "<group>"; };
		48EC0FFB22A187DF002289AD /* CoinDustEmitter.sks */ = {isa = PBXFileReference; lastKnownFileType = file.sks; path = CoinDustEmitter.sks; sourceTree = "<group>"; };
		48EC0FFC22A187DF002289AD /* Assets.xcassets */ = {isa = PBXFileReference; lastKnownFileType = folder.assetcatalog; path = Assets.xcassets; sourceTree = "<group>"; };
		48EC0FFF22A1BABB002289AD /* BreakSparkEmitter.sks */ = {isa = PBXFileReference; lastKnownFileType = file.sks; path = BreakSparkEmitter.sks; sourceTree = "<group>"; };
/* End PBXFileReference section */

/* Begin PBXFrameworksBuildPhase section */
		4845E2CA228B655900D09A62 /* Frameworks */ = {
			isa = PBXFrameworksBuildPhase;
			buildActionMask = 2147483647;
			files = (
			);
			runOnlyForDeploymentPostprocessing = 0;
		};
		4845E2E4228B655A00D09A62 /* Frameworks */ = {
			isa = PBXFrameworksBuildPhase;
			buildActionMask = 2147483647;
			files = (
			);
			runOnlyForDeploymentPostprocessing = 0;
		};
		4845E2EF228B655A00D09A62 /* Frameworks */ = {
			isa = PBXFrameworksBuildPhase;
			buildActionMask = 2147483647;
			files = (
			);
			runOnlyForDeploymentPostprocessing = 0;
		};
/* End PBXFrameworksBuildPhase section */

/* Begin PBXGroup section */
		4816120922ACF46100E675B7 /* Protocols */ = {
			isa = PBXGroup;
			children = (
				4816120A22ACF48400E675B7 /* HUDDelegate.swift */,
				4801EF6E22AE4240005EB862 /* PopupButtonHandlerDelegate.swift */,
				480D355F22AF8379006B3C6D /* SceneManagerDelegate.swift */,
			);
			path = Protocols;
			sourceTree = "<group>";
		};
		4816120E22ACF51600E675B7 /* Resources */ = {
			isa = PBXGroup;
			children = (
				4816120F22ACF52000E675B7 /* Fonts */,
			);
			path = Resources;
			sourceTree = "<group>";
		};
		4816120F22ACF52000E675B7 /* Fonts */ = {
			isa = PBXGroup;
			children = (
				4816121022ACF54D00E675B7 /* unanimous.inverted-brk.ttf */,
			);
			path = Fonts;
			sourceTree = "<group>";
		};
		4845E2C4228B655900D09A62 = {
			isa = PBXGroup;
			children = (
				4845E2CF228B655900D09A62 /* Super Indie Runner */,
				4845E2EA228B655A00D09A62 /* Super Indie RunnerTests */,
				4845E2F5228B655A00D09A62 /* Super Indie RunnerUITests */,
				4845E2CE228B655900D09A62 /* Products */,
			);
			sourceTree = "<group>";
		};
		4845E2CE228B655900D09A62 /* Products */ = {
			isa = PBXGroup;
			children = (
				4845E2CD228B655900D09A62 /* Super Indie Runner.app */,
				4845E2E7228B655A00D09A62 /* Super Indie RunnerTests.xctest */,
				4845E2F2228B655A00D09A62 /* Super Indie RunnerUITests.xctest */,
			);
			name = Products;
			sourceTree = "<group>";
		};
		4845E2CF228B655900D09A62 /* Super Indie Runner */ = {
			isa = PBXGroup;
			children = (
				4845E2DD228B655A00D09A62 /* Assets.xcassets */,
				4816120E22ACF51600E675B7 /* Resources */,
				4816120922ACF46100E675B7 /* Protocols */,
				48EC0FFA22A18755002289AD /* Particle Emitters */,
				48DB1DDE2296099A0082CA21 /* Helper Files */,
				48DB1DDB229605B60082CA21 /* Custom Classes */,
				48DB1DD6229539560082CA21 /* Layers */,
				4845E310228B761B00D09A62 /* Extensions */,
				4845E309228B71FE00D09A62 /* Scene Editor Files */,
				4845E307228B670B00D09A62 /* Scenes */,
				4845E305228B66E500D09A62 /* UI */,
				4845E306228B66F700D09A62 /* Controller */,
				4845E304228B66D500D09A62 /* template */,
			);
			path = "Super Indie Runner";
			sourceTree = "<group>";
		};
		4845E2EA228B655A00D09A62 /* Super Indie RunnerTests */ = {
			isa = PBXGroup;
			children = (
				4845E2EB228B655A00D09A62 /* Super_Indie_RunnerTests.swift */,
				4845E2ED228B655A00D09A62 /* Info.plist */,
			);
			path = "Super Indie RunnerTests";
			sourceTree = "<group>";
		};
		4845E2F5228B655A00D09A62 /* Super Indie RunnerUITests */ = {
			isa = PBXGroup;
			children = (
				4845E2F6228B655A00D09A62 /* Super_Indie_RunnerUITests.swift */,
				4845E2F8228B655A00D09A62 /* Info.plist */,
			);
			path = "Super Indie RunnerUITests";
			sourceTree = "<group>";
		};
		4845E304228B66D500D09A62 /* template */ = {
			isa = PBXGroup;
			children = (
				4845E2D0228B655900D09A62 /* AppDelegate.swift */,
				4845E2E2228B655A00D09A62 /* Info.plist */,
				48DB1DD9229543940082CA21 /* GameConstants.swift */,
			);
			path = template;
			sourceTree = "<group>";
		};
		4845E305228B66E500D09A62 /* UI */ = {
			isa = PBXGroup;
			children = (
				4845E2DA228B655900D09A62 /* Main.storyboard */,
				4845E2DF228B655A00D09A62 /* LaunchScreen.storyboard */,
			);
			path = UI;
			sourceTree = "<group>";
		};
		4845E306228B66F700D09A62 /* Controller */ = {
			isa = PBXGroup;
			children = (
				4845E2D8228B655900D09A62 /* GameViewController.swift */,
			);
			path = Controller;
			sourceTree = "<group>";
		};
		4845E307228B670B00D09A62 /* Scenes */ = {
			isa = PBXGroup;
			children = (
				4845E2D6228B655900D09A62 /* GameScene.swift */,
				480D355D22AF7EB4006B3C6D /* MenuScene.swift */,
				480D356122AF85E3006B3C6D /* LevelScene.swift */,
			);
			path = Scenes;
			sourceTree = "<group>";
		};
		4845E309228B71FE00D09A62 /* Scene Editor Files */ = {
			isa = PBXGroup;
			children = (
				4845E30D228B732D00D09A62 /* Tiles */,
				4845E30A228B720D00D09A62 /* Levels */,
			);
			path = "Scene Editor Files";
			sourceTree = "<group>";
		};
		4845E30A228B720D00D09A62 /* Levels */ = {
			isa = PBXGroup;
			children = (
				4845E30B228B726E00D09A62 /* Level_0-1.sks */,
			);
			path = Levels;
			sourceTree = "<group>";
		};
		4845E30D228B732D00D09A62 /* Tiles */ = {
			isa = PBXGroup;
			children = (
				4845E30E228B736100D09A62 /* TileSets.sks */,
			);
			path = Tiles;
			sourceTree = "<group>";
		};
		4845E310228B761B00D09A62 /* Extensions */ = {
			isa = PBXGroup;
			children = (
				4845E311228B763D00D09A62 /* SKNode+Extensions.swift */,
			);
			path = Extensions;
			sourceTree = "<group>";
		};
		48DB1DD6229539560082CA21 /* Layers */ = {
			isa = PBXGroup;
			children = (
				48DB1DD4229537750082CA21 /* Layer.swift */,
				48DB1DD722953F700082CA21 /* RepeatingLayer.swift */,
			);
			path = Layers;
			sourceTree = "<group>";
		};
		48DB1DDB229605B60082CA21 /* Custom Classes */ = {
			isa = PBXGroup;
			children = (
				48DB1DDC229605D90082CA21 /* Player.swift */,
				48DB1DE122960EEC0082CA21 /* GroundNode.swift */,
				4816120C22ACF4D400E675B7 /* GameHUD.swift */,
				4801EF6822AE416D005EB862 /* PopupNode.swift */,
				4801EF6A22AE41EF005EB862 /* ScorePopupNode.swift */,
				4801EF6C22AE4210005EB862 /* BannerLabel.swift */,
				4801EF7022AE42B3005EB862 /* SpriteKitButton.swift */,
			);
			path = "Custom Classes";
			sourceTree = "<group>";
		};
		48DB1DDE2296099A0082CA21 /* Helper Files */ = {
			isa = PBXGroup;
			children = (
				48DB1DDF229609AA0082CA21 /* PhysicsHelper.swift */,
				48DB1DE322961ABB0082CA21 /* AnimationHelper.swift */,
				48DB1DE522962D490082CA21 /* ObjectHelper.swift */,
				48B7107E229A880000E4E86F /* ParticleHelper.swift */,
				4801EF7222AE4A68005EB862 /* ScoreManager.swift */,
			);
			path = "Helper Files";
			sourceTree = "<group>";
		};
		48EC0FFA22A18755002289AD /* Particle Emitters */ = {
			isa = PBXGroup;
			children = (
				48EC0FFB22A187DF002289AD /* CoinDustEmitter.sks */,
				48EC0FFC22A187DF002289AD /* Assets.xcassets */,
				48EC0FFF22A1BABB002289AD /* BreakSparkEmitter.sks */,
				481E588F22B10B9600DA2A5A /* PowerupEmitter.sks */,
			);
			path = "Particle Emitters";
			sourceTree = "<group>";
		};
/* End PBXGroup section */

/* Begin PBXNativeTarget section */
		4845E2CC228B655900D09A62 /* Super Indie Runner */ = {
			isa = PBXNativeTarget;
			buildConfigurationList = 4845E2FB228B655A00D09A62 /* Build configuration list for PBXNativeTarget "Super Indie Runner" */;
			buildPhases = (
				4845E2C9228B655900D09A62 /* Sources */,
				4845E2CA228B655900D09A62 /* Frameworks */,
				4845E2CB228B655900D09A62 /* Resources */,
			);
			buildRules = (
			);
			dependencies = (
			);
			name = "Super Indie Runner";
			productName = "Super Indie Runner";
			productReference = 4845E2CD228B655900D09A62 /* Super Indie Runner.app */;
			productType = "com.apple.product-type.application";
		};
		4845E2E6228B655A00D09A62 /* Super Indie RunnerTests */ = {
			isa = PBXNativeTarget;
			buildConfigurationList = 4845E2FE228B655A00D09A62 /* Build configuration list for PBXNativeTarget "Super Indie RunnerTests" */;
			buildPhases = (
				4845E2E3228B655A00D09A62 /* Sources */,
				4845E2E4228B655A00D09A62 /* Frameworks */,
				4845E2E5228B655A00D09A62 /* Resources */,
			);
			buildRules = (
			);
			dependencies = (
				4845E2E9228B655A00D09A62 /* PBXTargetDependency */,
			);
			name = "Super Indie RunnerTests";
			productName = "Super Indie RunnerTests";
			productReference = 4845E2E7228B655A00D09A62 /* Super Indie RunnerTests.xctest */;
			productType = "com.apple.product-type.bundle.unit-test";
		};
		4845E2F1228B655A00D09A62 /* Super Indie RunnerUITests */ = {
			isa = PBXNativeTarget;
			buildConfigurationList = 4845E301228B655A00D09A62 /* Build configuration list for PBXNativeTarget "Super Indie RunnerUITests" */;
			buildPhases = (
				4845E2EE228B655A00D09A62 /* Sources */,
				4845E2EF228B655A00D09A62 /* Frameworks */,
				4845E2F0228B655A00D09A62 /* Resources */,
			);
			buildRules = (
			);
			dependencies = (
				4845E2F4228B655A00D09A62 /* PBXTargetDependency */,
			);
			name = "Super Indie RunnerUITests";
			productName = "Super Indie RunnerUITests";
			productReference = 4845E2F2228B655A00D09A62 /* Super Indie RunnerUITests.xctest */;
			productType = "com.apple.product-type.bundle.ui-testing";
		};
/* End PBXNativeTarget section */

/* Begin PBXProject section */
		4845E2C5228B655900D09A62 /* Project object */ = {
			isa = PBXProject;
			attributes = {
				LastSwiftUpdateCheck = 1020;
				LastUpgradeCheck = 1020;
				ORGANIZATIONNAME = "Amer Alyusuf";
				TargetAttributes = {
					4845E2CC228B655900D09A62 = {
						CreatedOnToolsVersion = 10.2.1;
					};
					4845E2E6228B655A00D09A62 = {
						CreatedOnToolsVersion = 10.2.1;
						TestTargetID = 4845E2CC228B655900D09A62;
					};
					4845E2F1228B655A00D09A62 = {
						CreatedOnToolsVersion = 10.2.1;
						TestTargetID = 4845E2CC228B655900D09A62;
					};
				};
			};
			buildConfigurationList = 4845E2C8228B655900D09A62 /* Build configuration list for PBXProject "Super Indie Runner" */;
			compatibilityVersion = "Xcode 9.3";
			developmentRegion = en;
			hasScannedForEncodings = 0;
			knownRegions = (
				en,
				Base,
			);
			mainGroup = 4845E2C4228B655900D09A62;
			productRefGroup = 4845E2CE228B655900D09A62 /* Products */;
			projectDirPath = "";
			projectRoot = "";
			targets = (
				4845E2CC228B655900D09A62 /* Super Indie Runner */,
				4845E2E6228B655A00D09A62 /* Super Indie RunnerTests */,
				4845E2F1228B655A00D09A62 /* Super Indie RunnerUITests */,
			);
		};
/* End PBXProject section */

/* Begin PBXResourcesBuildPhase section */
		4845E2CB228B655900D09A62 /* Resources */ = {
			isa = PBXResourcesBuildPhase;
			buildActionMask = 2147483647;
			files = (
				4845E2DC228B655900D09A62 /* Main.storyboard in Resources */,
				481E589022B10B9600DA2A5A /* PowerupEmitter.sks in Resources */,
				4816121122ACF55900E675B7 /* unanimous.inverted-brk.ttf in Resources */,
				4845E30C228B726E00D09A62 /* Level_0-1.sks in Resources */,
				4845E30F228B736100D09A62 /* TileSets.sks in Resources */,
				4845E2DE228B655A00D09A62 /* Assets.xcassets in Resources */,
				48EC100022A1BABB002289AD /* BreakSparkEmitter.sks in Resources */,
				48EC0FFE22A187DF002289AD /* Assets.xcassets in Resources */,
				4845E2E1228B655A00D09A62 /* LaunchScreen.storyboard in Resources */,
				48EC0FFD22A187DF002289AD /* CoinDustEmitter.sks in Resources */,
			);
			runOnlyForDeploymentPostprocessing = 0;
		};
		4845E2E5228B655A00D09A62 /* Resources */ = {
			isa = PBXResourcesBuildPhase;
			buildActionMask = 2147483647;
			files = (
			);
			runOnlyForDeploymentPostprocessing = 0;
		};
		4845E2F0228B655A00D09A62 /* Resources */ = {
			isa = PBXResourcesBuildPhase;
			buildActionMask = 2147483647;
			files = (
			);
			runOnlyForDeploymentPostprocessing = 0;
		};
/* End PBXResourcesBuildPhase section */

/* Begin PBXSourcesBuildPhase section */
		4845E2C9228B655900D09A62 /* Sources */ = {
			isa = PBXSourcesBuildPhase;
			buildActionMask = 2147483647;
			files = (
				4845E2D7228B655900D09A62 /* GameScene.swift in Sources */,
				4845E312228B763D00D09A62 /* SKNode+Extensions.swift in Sources */,
				4816120B22ACF48400E675B7 /* HUDDelegate.swift in Sources */,
				480D356022AF8379006B3C6D /* SceneManagerDelegate.swift in Sources */,
				48DB1DD5229537750082CA21 /* Layer.swift in Sources */,
				4801EF6922AE416D005EB862 /* PopupNode.swift in Sources */,
				4816120D22ACF4D400E675B7 /* GameHUD.swift in Sources */,
				4801EF7322AE4A68005EB862 /* ScoreManager.swift in Sources */,
				4845E2D9228B655900D09A62 /* GameViewController.swift in Sources */,
				480D356222AF85E3006B3C6D /* LevelScene.swift in Sources */,
				48DB1DE622962D490082CA21 /* ObjectHelper.swift in Sources */,
				4801EF6F22AE4240005EB862 /* PopupButtonHandlerDelegate.swift in Sources */,
				48DB1DDD229605D90082CA21 /* Player.swift in Sources */,
				4801EF6B22AE41EF005EB862 /* ScorePopupNode.swift in Sources */,
				48DB1DDA229543940082CA21 /* GameConstants.swift in Sources */,
				480D355E22AF7EB4006B3C6D /* MenuScene.swift in Sources */,
				48B7107F229A880000E4E86F /* ParticleHelper.swift in Sources */,
				48DB1DE422961ABB0082CA21 /* AnimationHelper.swift in Sources */,
				4845E2D1228B655900D09A62 /* AppDelegate.swift in Sources */,
				4801EF7122AE42B3005EB862 /* SpriteKitButton.swift in Sources */,
				48DB1DD822953F700082CA21 /* RepeatingLayer.swift in Sources */,
				48DB1DE222960EEC0082CA21 /* GroundNode.swift in Sources */,
				4801EF6D22AE4210005EB862 /* BannerLabel.swift in Sources */,
				48DB1DE0229609AA0082CA21 /* PhysicsHelper.swift in Sources */,
			);
			runOnlyForDeploymentPostprocessing = 0;
		};
		4845E2E3228B655A00D09A62 /* Sources */ = {
			isa = PBXSourcesBuildPhase;
			buildActionMask = 2147483647;
			files = (
				4845E2EC228B655A00D09A62 /* Super_Indie_RunnerTests.swift in Sources */,
			);
			runOnlyForDeploymentPostprocessing = 0;
		};
		4845E2EE228B655A00D09A62 /* Sources */ = {
			isa = PBXSourcesBuildPhase;
			buildActionMask = 2147483647;
			files = (
				4845E2F7228B655A00D09A62 /* Super_Indie_RunnerUITests.swift in Sources */,
			);
			runOnlyForDeploymentPostprocessing = 0;
		};
/* End PBXSourcesBuildPhase section */

/* Begin PBXTargetDependency section */
		4845E2E9228B655A00D09A62 /* PBXTargetDependency */ = {
			isa = PBXTargetDependency;
			target = 4845E2CC228B655900D09A62 /* Super Indie Runner */;
			targetProxy = 4845E2E8228B655A00D09A62 /* PBXContainerItemProxy */;
		};
		4845E2F4228B655A00D09A62 /* PBXTargetDependency */ = {
			isa = PBXTargetDependency;
			target = 4845E2CC228B655900D09A62 /* Super Indie Runner */;
			targetProxy = 4845E2F3228B655A00D09A62 /* PBXContainerItemProxy */;
		};
/* End PBXTargetDependency section */

/* Begin PBXVariantGroup section */
		4845E2DA228B655900D09A62 /* Main.storyboard */ = {
			isa = PBXVariantGroup;
			children = (
				4845E2DB228B655900D09A62 /* Base */,
			);
			name = Main.storyboard;
			sourceTree = "<group>";
		};
		4845E2DF228B655A00D09A62 /* LaunchScreen.storyboard */ = {
			isa = PBXVariantGroup;
			children = (
				4845E2E0228B655A00D09A62 /* Base */,
			);
			name = LaunchScreen.storyboard;
			sourceTree = "<group>";
		};
/* End PBXVariantGroup section */

/* Begin XCBuildConfiguration section */
		4845E2F9228B655A00D09A62 /* Debug */ = {
			isa = XCBuildConfiguration;
			buildSettings = {
				ALWAYS_SEARCH_USER_PATHS = NO;
				CLANG_ANALYZER_NONNULL = YES;
				CLANG_ANALYZER_NUMBER_OBJECT_CONVERSION = YES_AGGRESSIVE;
				CLANG_CXX_LANGUAGE_STANDARD = "gnu++14";
				CLANG_CXX_LIBRARY = "libc++";
				CLANG_ENABLE_MODULES = YES;
				CLANG_ENABLE_OBJC_ARC = YES;
				CLANG_ENABLE_OBJC_WEAK = YES;
				CLANG_WARN_BLOCK_CAPTURE_AUTORELEASING = YES;
				CLANG_WARN_BOOL_CONVERSION = YES;
				CLANG_WARN_COMMA = YES;
				CLANG_WARN_CONSTANT_CONVERSION = YES;
				CLANG_WARN_DEPRECATED_OBJC_IMPLEMENTATIONS = YES;
				CLANG_WARN_DIRECT_OBJC_ISA_USAGE = YES_ERROR;
				CLANG_WARN_DOCUMENTATION_COMMENTS = YES;
				CLANG_WARN_EMPTY_BODY = YES;
				CLANG_WARN_ENUM_CONVERSION = YES;
				CLANG_WARN_INFINITE_RECURSION = YES;
				CLANG_WARN_INT_CONVERSION = YES;
				CLANG_WARN_NON_LITERAL_NULL_CONVERSION = YES;
				CLANG_WARN_OBJC_IMPLICIT_RETAIN_SELF = YES;
				CLANG_WARN_OBJC_LITERAL_CONVERSION = YES;
				CLANG_WARN_OBJC_ROOT_CLASS = YES_ERROR;
				CLANG_WARN_RANGE_LOOP_ANALYSIS = YES;
				CLANG_WARN_STRICT_PROTOTYPES = YES;
				CLANG_WARN_SUSPICIOUS_MOVE = YES;
				CLANG_WARN_UNGUARDED_AVAILABILITY = YES_AGGRESSIVE;
				CLANG_WARN_UNREACHABLE_CODE = YES;
				CLANG_WARN__DUPLICATE_METHOD_MATCH = YES;
				CODE_SIGN_IDENTITY = "iPhone Developer";
				COPY_PHASE_STRIP = NO;
				DEBUG_INFORMATION_FORMAT = dwarf;
				ENABLE_STRICT_OBJC_MSGSEND = YES;
				ENABLE_TESTABILITY = YES;
				GCC_C_LANGUAGE_STANDARD = gnu11;
				GCC_DYNAMIC_NO_PIC = NO;
				GCC_NO_COMMON_BLOCKS = YES;
				GCC_OPTIMIZATION_LEVEL = 0;
				GCC_PREPROCESSOR_DEFINITIONS = (
					"DEBUG=1",
					"$(inherited)",
				);
				GCC_WARN_64_TO_32_BIT_CONVERSION = YES;
				GCC_WARN_ABOUT_RETURN_TYPE = YES_ERROR;
				GCC_WARN_UNDECLARED_SELECTOR = YES;
				GCC_WARN_UNINITIALIZED_AUTOS = YES_AGGRESSIVE;
				GCC_WARN_UNUSED_FUNCTION = YES;
				GCC_WARN_UNUSED_VARIABLE = YES;
				IPHONEOS_DEPLOYMENT_TARGET = 12.2;
				MTL_ENABLE_DEBUG_INFO = INCLUDE_SOURCE;
				MTL_FAST_MATH = YES;
				ONLY_ACTIVE_ARCH = YES;
				SDKROOT = iphoneos;
				SWIFT_ACTIVE_COMPILATION_CONDITIONS = DEBUG;
				SWIFT_OPTIMIZATION_LEVEL = "-Onone";
			};
			name = Debug;
		};
		4845E2FA228B655A00D09A62 /* Release */ = {
			isa = XCBuildConfiguration;
			buildSettings = {
				ALWAYS_SEARCH_USER_PATHS = NO;
				CLANG_ANALYZER_NONNULL = YES;
				CLANG_ANALYZER_NUMBER_OBJECT_CONVERSION = YES_AGGRESSIVE;
				CLANG_CXX_LANGUAGE_STANDARD = "gnu++14";
				CLANG_CXX_LIBRARY = "libc++";
				CLANG_ENABLE_MODULES = YES;
				CLANG_ENABLE_OBJC_ARC = YES;
				CLANG_ENABLE_OBJC_WEAK = YES;
				CLANG_WARN_BLOCK_CAPTURE_AUTORELEASING = YES;
				CLANG_WARN_BOOL_CONVERSION = YES;
				CLANG_WARN_COMMA = YES;
				CLANG_WARN_CONSTANT_CONVERSION = YES;
				CLANG_WARN_DEPRECATED_OBJC_IMPLEMENTATIONS = YES;
				CLANG_WARN_DIRECT_OBJC_ISA_USAGE = YES_ERROR;
				CLANG_WARN_DOCUMENTATION_COMMENTS = YES;
				CLANG_WARN_EMPTY_BODY = YES;
				CLANG_WARN_ENUM_CONVERSION = YES;
				CLANG_WARN_INFINITE_RECURSION = YES;
				CLANG_WARN_INT_CONVERSION = YES;
				CLANG_WARN_NON_LITERAL_NULL_CONVERSION = YES;
				CLANG_WARN_OBJC_IMPLICIT_RETAIN_SELF = YES;
				CLANG_WARN_OBJC_LITERAL_CONVERSION = YES;
				CLANG_WARN_OBJC_ROOT_CLASS = YES_ERROR;
				CLANG_WARN_RANGE_LOOP_ANALYSIS = YES;
				CLANG_WARN_STRICT_PROTOTYPES = YES;
				CLANG_WARN_SUSPICIOUS_MOVE = YES;
				CLANG_WARN_UNGUARDED_AVAILABILITY = YES_AGGRESSIVE;
				CLANG_WARN_UNREACHABLE_CODE = YES;
				CLANG_WARN__DUPLICATE_METHOD_MATCH = YES;
				CODE_SIGN_IDENTITY = "iPhone Developer";
				COPY_PHASE_STRIP = NO;
				DEBUG_INFORMATION_FORMAT = "dwarf-with-dsym";
				ENABLE_NS_ASSERTIONS = NO;
				ENABLE_STRICT_OBJC_MSGSEND = YES;
				GCC_C_LANGUAGE_STANDARD = gnu11;
				GCC_NO_COMMON_BLOCKS = YES;
				GCC_WARN_64_TO_32_BIT_CONVERSION = YES;
				GCC_WARN_ABOUT_RETURN_TYPE = YES_ERROR;
				GCC_WARN_UNDECLARED_SELECTOR = YES;
				GCC_WARN_UNINITIALIZED_AUTOS = YES_AGGRESSIVE;
				GCC_WARN_UNUSED_FUNCTION = YES;
				GCC_WARN_UNUSED_VARIABLE = YES;
				IPHONEOS_DEPLOYMENT_TARGET = 12.2;
				MTL_ENABLE_DEBUG_INFO = NO;
				MTL_FAST_MATH = YES;
				SDKROOT = iphoneos;
				SWIFT_COMPILATION_MODE = wholemodule;
				SWIFT_OPTIMIZATION_LEVEL = "-O";
				VALIDATE_PRODUCT = YES;
			};
			name = Release;
		};
		4845E2FC228B655A00D09A62 /* Debug */ = {
			isa = XCBuildConfiguration;
			buildSettings = {
				ASSETCATALOG_COMPILER_APPICON_NAME = AppIcon;
				CODE_SIGN_STYLE = Automatic;
				DEVELOPMENT_TEAM = T63352392P;
				INFOPLIST_FILE = "$(SRCROOT)/Super Indie Runner/template/Info.plist";
				LD_RUNPATH_SEARCH_PATHS = (
					"$(inherited)",
					"@executable_path/Frameworks",
				);
				PRODUCT_BUNDLE_IDENTIFIER = "sillyTrouble.Super-Indie-Runner";
				PRODUCT_NAME = "$(TARGET_NAME)";
				SWIFT_VERSION = 5.0;
				TARGETED_DEVICE_FAMILY = "1,2";
			};
			name = Debug;
		};
		4845E2FD228B655A00D09A62 /* Release */ = {
			isa = XCBuildConfiguration;
			buildSettings = {
				ASSETCATALOG_COMPILER_APPICON_NAME = AppIcon;
				CODE_SIGN_STYLE = Automatic;
				DEVELOPMENT_TEAM = T63352392P;
				INFOPLIST_FILE = "$(SRCROOT)/Super Indie Runner/template/Info.plist";
				LD_RUNPATH_SEARCH_PATHS = (
					"$(inherited)",
					"@executable_path/Frameworks",
				);
				PRODUCT_BUNDLE_IDENTIFIER = "sillyTrouble.Super-Indie-Runner";
				PRODUCT_NAME = "$(TARGET_NAME)";
				SWIFT_VERSION = 5.0;
				TARGETED_DEVICE_FAMILY = "1,2";
			};
			name = Release;
		};
		4845E2FF228B655A00D09A62 /* Debug */ = {
			isa = XCBuildConfiguration;
			buildSettings = {
				ALWAYS_EMBED_SWIFT_STANDARD_LIBRARIES = YES;
				BUNDLE_LOADER = "$(TEST_HOST)";
				CODE_SIGN_STYLE = Automatic;
				DEVELOPMENT_TEAM = T63352392P;
				INFOPLIST_FILE = "Super Indie RunnerTests/Info.plist";
				LD_RUNPATH_SEARCH_PATHS = (
					"$(inherited)",
					"@executable_path/Frameworks",
					"@loader_path/Frameworks",
				);
				PRODUCT_BUNDLE_IDENTIFIER = "sillyTrouble.Super-Indie-RunnerTests";
				PRODUCT_NAME = "$(TARGET_NAME)";
				SWIFT_VERSION = 5.0;
				TARGETED_DEVICE_FAMILY = "1,2";
				TEST_HOST = "$(BUILT_PRODUCTS_DIR)/Super Indie Runner.app/Super Indie Runner";
			};
			name = Debug;
		};
		4845E300228B655A00D09A62 /* Release */ = {
			isa = XCBuildConfiguration;
			buildSettings = {
				ALWAYS_EMBED_SWIFT_STANDARD_LIBRARIES = YES;
				BUNDLE_LOADER = "$(TEST_HOST)";
				CODE_SIGN_STYLE = Automatic;
				DEVELOPMENT_TEAM = T63352392P;
				INFOPLIST_FILE = "Super Indie RunnerTests/Info.plist";
				LD_RUNPATH_SEARCH_PATHS = (
					"$(inherited)",
					"@executable_path/Frameworks",
					"@loader_path/Frameworks",
				);
				PRODUCT_BUNDLE_IDENTIFIER = "sillyTrouble.Super-Indie-RunnerTests";
				PRODUCT_NAME = "$(TARGET_NAME)";
				SWIFT_VERSION = 5.0;
				TARGETED_DEVICE_FAMILY = "1,2";
				TEST_HOST = "$(BUILT_PRODUCTS_DIR)/Super Indie Runner.app/Super Indie Runner";
			};
			name = Release;
		};
		4845E302228B655A00D09A62 /* Debug */ = {
			isa = XCBuildConfiguration;
			buildSettings = {
				ALWAYS_EMBED_SWIFT_STANDARD_LIBRARIES = YES;
				CODE_SIGN_STYLE = Automatic;
				DEVELOPMENT_TEAM = T63352392P;
				INFOPLIST_FILE = "Super Indie RunnerUITests/Info.plist";
				LD_RUNPATH_SEARCH_PATHS = (
					"$(inherited)",
					"@executable_path/Frameworks",
					"@loader_path/Frameworks",
				);
				PRODUCT_BUNDLE_IDENTIFIER = "sillyTrouble.Super-Indie-RunnerUITests";
				PRODUCT_NAME = "$(TARGET_NAME)";
				SWIFT_VERSION = 5.0;
				TARGETED_DEVICE_FAMILY = "1,2";
				TEST_TARGET_NAME = "Super Indie Runner";
			};
			name = Debug;
		};
		4845E303228B655A00D09A62 /* Release */ = {
			isa = XCBuildConfiguration;
			buildSettings = {
				ALWAYS_EMBED_SWIFT_STANDARD_LIBRARIES = YES;
				CODE_SIGN_STYLE = Automatic;
				DEVELOPMENT_TEAM = T63352392P;
				INFOPLIST_FILE = "Super Indie RunnerUITests/Info.plist";
				LD_RUNPATH_SEARCH_PATHS = (
					"$(inherited)",
					"@executable_path/Frameworks",
					"@loader_path/Frameworks",
				);
				PRODUCT_BUNDLE_IDENTIFIER = "sillyTrouble.Super-Indie-RunnerUITests";
				PRODUCT_NAME = "$(TARGET_NAME)";
				SWIFT_VERSION = 5.0;
				TARGETED_DEVICE_FAMILY = "1,2";
				TEST_TARGET_NAME = "Super Indie Runner";
			};
			name = Release;
		};
/* End XCBuildConfiguration section */

/* Begin XCConfigurationList section */
		4845E2C8228B655900D09A62 /* Build configuration list for PBXProject "Super Indie Runner" */ = {
			isa = XCConfigurationList;
			buildConfigurations = (
				4845E2F9228B655A00D09A62 /* Debug */,
				4845E2FA228B655A00D09A62 /* Release */,
			);
			defaultConfigurationIsVisible = 0;
			defaultConfigurationName = Release;
		};
		4845E2FB228B655A00D09A62 /* Build configuration list for PBXNativeTarget "Super Indie Runner" */ = {
			isa = XCConfigurationList;
			buildConfigurations = (
				4845E2FC228B655A00D09A62 /* Debug */,
				4845E2FD228B655A00D09A62 /* Release */,
			);
			defaultConfigurationIsVisible = 0;
			defaultConfigurationName = Release;
		};
		4845E2FE228B655A00D09A62 /* Build configuration list for PBXNativeTarget "Super Indie RunnerTests" */ = {
			isa = XCConfigurationList;
			buildConfigurations = (
				4845E2FF228B655A00D09A62 /* Debug */,
				4845E300228B655A00D09A62 /* Release */,
			);
			defaultConfigurationIsVisible = 0;
			defaultConfigurationName = Release;
		};
		4845E301228B655A00D09A62 /* Build configuration list for PBXNativeTarget "Super Indie RunnerUITests" */ = {
			isa = XCConfigurationList;
			buildConfigurations = (
				4845E302228B655A00D09A62 /* Debug */,
				4845E303228B655A00D09A62 /* Release */,
			);
			defaultConfigurationIsVisible = 0;
			defaultConfigurationName = Release;
		};
/* End XCConfigurationList section */
	};
	rootObject = 4845E2C5228B655900D09A62 /* Project object */;
}
